
Microsoft Visual Studio Solution File, Format Version 12.00
# Visual Studio Version 17
VisualStudioVersion = 17.5.002.0
MinimumVisualStudioVersion = 10.0.40219.1
Project("{9A19103F-16F7-4668-BE54-9A1E7A4F7556}") = "DatapacLibrary.ApplicationCore", "DatapacLibrary.ApplicationCore\DatapacLibrary.ApplicationCore.csproj", "{81E4FE6D-EC01-4E15-988C-CED0597A9F37}"
EndProject
Project("{9A19103F-16F7-4668-BE54-9A1E7A4F7556}") = "DatapacLibrary.Domain", "DatapacLibrary.Domain\DatapacLibrary.Domain.csproj", "{FF6C546D-2D65-4E38-876D-B1679E4491FC}"
EndProject
Project("{9A19103F-16F7-4668-BE54-9A1E7A4F7556}") = "DatapacLibrary.Infrastructure", "DatapacLibrary.Infrastructure\DatapacLibrary.Infrastructure.csproj", "{C5CC9B69-D9DA-445E-851C-495A5CBDD1BF}"
EndProject
Project("{9A19103F-16F7-4668-BE54-9A1E7A4F7556}") = "DatapacLibrary.Web", "DatapacLibrary.Web\DatapacLibrary.Web.csproj", "{20EF9947-D67C-420C-9D57-1549571D548E}"
EndProject
Project("{FAE04EC0-301F-11D3-BF4B-00C04F79EFBC}") = "DatapacLibrary.Test", "DatapacLibrary.Test\DatapacLibrary.Test.csproj", "{B24DCBAE-88AD-4DCB-8B58-35FDA7040644}"
EndProject
Global
	GlobalSection(SolutionConfigurationPlatforms) = preSolution
		Debug|Any CPU = Debug|Any CPU
		Release|Any CPU = Release|Any CPU
	EndGlobalSection
	GlobalSection(ProjectConfigurationPlatforms) = postSolution
		{81E4FE6D-EC01-4E15-988C-CED0597A9F37}.Debug|Any CPU.ActiveCfg = Debug|Any CPU
		{81E4FE6D-EC01-4E15-988C-CED0597A9F37}.Debug|Any CPU.Build.0 = Debug|Any CPU
		{81E4FE6D-EC01-4E15-988C-CED0597A9F37}.Release|Any CPU.ActiveCfg = Release|Any CPU
		{81E4FE6D-EC01-4E15-988C-CED0597A9F37}.Release|Any CPU.Build.0 = Release|Any CPU
		{FF6C546D-2D65-4E38-876D-B1679E4491FC}.Debug|Any CPU.ActiveCfg = Debug|Any CPU
		{FF6C546D-2D65-4E38-876D-B1679E4491FC}.Debug|Any CPU.Build.0 = Debug|Any CPU
		{FF6C546D-2D65-4E38-876D-B1679E4491FC}.Release|Any CPU.ActiveCfg = Release|Any CPU
		{FF6C546D-2D65-4E38-876D-B1679E4491FC}.Release|Any CPU.Build.0 = Release|Any CPU
		{C5CC9B69-D9DA-445E-851C-495A5CBDD1BF}.Debug|Any CPU.ActiveCfg = Debug|Any CPU
		{C5CC9B69-D9DA-445E-851C-495A5CBDD1BF}.Debug|Any CPU.Build.0 = Debug|Any CPU
		{C5CC9B69-D9DA-445E-851C-495A5CBDD1BF}.Release|Any CPU.ActiveCfg = Release|Any CPU
		{C5CC9B69-D9DA-445E-851C-495A5CBDD1BF}.Release|Any CPU.Build.0 = Release|Any CPU
		{20EF9947-D67C-420C-9D57-1549571D548E}.Debug|Any CPU.ActiveCfg = Debug|Any CPU
		{20EF9947-D67C-420C-9D57-1549571D548E}.Debug|Any CPU.Build.0 = Debug|Any CPU
		{20EF9947-D67C-420C-9D57-1549571D548E}.Release|Any CPU.ActiveCfg = Release|Any CPU
		{20EF9947-D67C-420C-9D57-1549571D548E}.Release|Any CPU.Build.0 = Release|Any CPU
		{B24DCBAE-88AD-4DCB-8B58-35FDA7040644}.Debug|Any CPU.ActiveCfg = Debug|Any CPU
		{B24DCBAE-88AD-4DCB-8B58-35FDA7040644}.Debug|Any CPU.Build.0 = Debug|Any CPU
		{B24DCBAE-88AD-4DCB-8B58-35FDA7040644}.Release|Any CPU.ActiveCfg = Release|Any CPU
		{B24DCBAE-88AD-4DCB-8B58-35FDA7040644}.Release|Any CPU.Build.0 = Release|Any CPU
	EndGlobalSection
	GlobalSection(SolutionProperties) = preSolution
		HideSolutionNode = FALSE
	EndGlobalSection
	GlobalSection(ExtensibilityGlobals) = postSolution
		SolutionGuid = {6DED95C7-C214-4C73-A879-54BE7B84DBCB}
	EndGlobalSection
EndGlobal
